// !$*UTF8*$!
{
	archiveVersion = 1;
	classes = {
	};
	objectVersion = 55;
	objects = {

/* Begin PBXBuildFile section */
		174B09E428A6A1E000442DD7 /* WeatherApp.swift in Sources */ = {isa = PBXBuildFile; fileRef = 174B09E328A6A1E000442DD7 /* WeatherApp.swift */; };
		174B09E628A6A1E000442DD7 /* ContentView.swift in Sources */ = {isa = PBXBuildFile; fileRef = 174B09E528A6A1E000442DD7 /* ContentView.swift */; };
		174B09E828A6A1E400442DD7 /* Assets.xcassets in Resources */ = {isa = PBXBuildFile; fileRef = 174B09E728A6A1E400442DD7 /* Assets.xcassets */; };
		174B09EB28A6A1E400442DD7 /* Preview Assets.xcassets in Resources */ = {isa = PBXBuildFile; fileRef = 174B09EA28A6A1E400442DD7 /* Preview Assets.xcassets */; };
		174B09ED28A6A1E400442DD7 /* Persistence.swift in Sources */ = {isa = PBXBuildFile; fileRef = 174B09EC28A6A1E400442DD7 /* Persistence.swift */; };
		174B09F028A6A1E400442DD7 /* Weather.xcdatamodeld in Sources */ = {isa = PBXBuildFile; fileRef = 174B09EE28A6A1E400442DD7 /* Weather.xcdatamodeld */; };
		174B09FA28A6A1E500442DD7 /* WeatherTests.swift in Sources */ = {isa = PBXBuildFile; fileRef = 174B09F928A6A1E500442DD7 /* WeatherTests.swift */; };
		174B0A0428A6A1E500442DD7 /* WeatherUITests.swift in Sources */ = {isa = PBXBuildFile; fileRef = 174B0A0328A6A1E500442DD7 /* WeatherUITests.swift */; };
		174B0A0628A6A1E500442DD7 /* WeatherUITestsLaunchTests.swift in Sources */ = {isa = PBXBuildFile; fileRef = 174B0A0528A6A1E500442DD7 /* WeatherUITestsLaunchTests.swift */; };
		174B0A1628A709C300442DD7 /* Endpoints.swift in Sources */ = {isa = PBXBuildFile; fileRef = 174B0A1528A709C300442DD7 /* Endpoints.swift */; };
		174B0A1828A709DD00442DD7 /* Constants.swift in Sources */ = {isa = PBXBuildFile; fileRef = 174B0A1728A709DD00442DD7 /* Constants.swift */; };
		174B0A1B28A70E1000442DD7 /* WeatherClient.swift in Sources */ = {isa = PBXBuildFile; fileRef = 174B0A1A28A70E1000442DD7 /* WeatherClient.swift */; };
		174B0A1E28A7117C00442DD7 /* CurrentWeather.swift in Sources */ = {isa = PBXBuildFile; fileRef = 174B0A1D28A7117C00442DD7 /* CurrentWeather.swift */; };
		174B0A2028A717D400442DD7 /* WeatherViewModel.swift in Sources */ = {isa = PBXBuildFile; fileRef = 174B0A1F28A717D400442DD7 /* WeatherViewModel.swift */; };
		174B0A2328A7236000442DD7 /* LocationManager.swift in Sources */ = {isa = PBXBuildFile; fileRef = 174B0A2228A7236000442DD7 /* LocationManager.swift */; };
		174B0A2628A90CFE00442DD7 /* MainViewModel.swift in Sources */ = {isa = PBXBuildFile; fileRef = 174B0A2528A90CFE00442DD7 /* MainViewModel.swift */; };
		174B0A2B28A9289F00442DD7 /* IndividualWeatherView.swift in Sources */ = {isa = PBXBuildFile; fileRef = 174B0A2A28A9289F00442DD7 /* IndividualWeatherView.swift */; };
		174B0A2E28A9553600442DD7 /* WeatherViewModel_Preview.swift in Sources */ = {isa = PBXBuildFile; fileRef = 174B0A2D28A9553600442DD7 /* WeatherViewModel_Preview.swift */; };
		174B0A3028A956CA00442DD7 /* currentWeather.json in Resources */ = {isa = PBXBuildFile; fileRef = 174B0A2F28A956CA00442DD7 /* currentWeather.json */; };
		174B0A3528A9900700442DD7 /* WeatherCondition.swift in Sources */ = {isa = PBXBuildFile; fileRef = 174B0A3428A9900700442DD7 /* WeatherCondition.swift */; };
/* End PBXBuildFile section */

/* Begin PBXContainerItemProxy section */
		174B09F628A6A1E500442DD7 /* PBXContainerItemProxy */ = {
			isa = PBXContainerItemProxy;
			containerPortal = 174B09D828A6A1E000442DD7 /* Project object */;
			proxyType = 1;
			remoteGlobalIDString = 174B09DF28A6A1E000442DD7;
			remoteInfo = Weather;
		};
		174B0A0028A6A1E500442DD7 /* PBXContainerItemProxy */ = {
			isa = PBXContainerItemProxy;
			containerPortal = 174B09D828A6A1E000442DD7 /* Project object */;
			proxyType = 1;
			remoteGlobalIDString = 174B09DF28A6A1E000442DD7;
			remoteInfo = Weather;
		};
/* End PBXContainerItemProxy section */

/* Begin PBXFileReference section */
		174B09E028A6A1E000442DD7 /* Weather.app */ = {isa = PBXFileReference; explicitFileType = wrapper.application; includeInIndex = 0; path = Weather.app; sourceTree = BUILT_PRODUCTS_DIR; };
		174B09E328A6A1E000442DD7 /* WeatherApp.swift */ = {isa = PBXFileReference; lastKnownFileType = sourcecode.swift; path = WeatherApp.swift; sourceTree = "<group>"; };
		174B09E528A6A1E000442DD7 /* ContentView.swift */ = {isa = PBXFileReference; lastKnownFileType = sourcecode.swift; path = ContentView.swift; sourceTree = "<group>"; };
		174B09E728A6A1E400442DD7 /* Assets.xcassets */ = {isa = PBXFileReference; lastKnownFileType = folder.assetcatalog; path = Assets.xcassets; sourceTree = "<group>"; };
		174B09EA28A6A1E400442DD7 /* Preview Assets.xcassets */ = {isa = PBXFileReference; lastKnownFileType = folder.assetcatalog; path = "Preview Assets.xcassets"; sourceTree = "<group>"; };
		174B09EC28A6A1E400442DD7 /* Persistence.swift */ = {isa = PBXFileReference; lastKnownFileType = sourcecode.swift; path = Persistence.swift; sourceTree = "<group>"; };
		174B09EF28A6A1E400442DD7 /* Weather.xcdatamodel */ = {isa = PBXFileReference; lastKnownFileType = wrapper.xcdatamodel; path = Weather.xcdatamodel; sourceTree = "<group>"; };
		174B09F528A6A1E500442DD7 /* WeatherTests.xctest */ = {isa = PBXFileReference; explicitFileType = wrapper.cfbundle; includeInIndex = 0; path = WeatherTests.xctest; sourceTree = BUILT_PRODUCTS_DIR; };
		174B09F928A6A1E500442DD7 /* WeatherTests.swift */ = {isa = PBXFileReference; lastKnownFileType = sourcecode.swift; path = WeatherTests.swift; sourceTree = "<group>"; };
		174B09FF28A6A1E500442DD7 /* WeatherUITests.xctest */ = {isa = PBXFileReference; explicitFileType = wrapper.cfbundle; includeInIndex = 0; path = WeatherUITests.xctest; sourceTree = BUILT_PRODUCTS_DIR; };
		174B0A0328A6A1E500442DD7 /* WeatherUITests.swift */ = {isa = PBXFileReference; lastKnownFileType = sourcecode.swift; path = WeatherUITests.swift; sourceTree = "<group>"; };
		174B0A0528A6A1E500442DD7 /* WeatherUITestsLaunchTests.swift */ = {isa = PBXFileReference; lastKnownFileType = sourcecode.swift; path = WeatherUITestsLaunchTests.swift; sourceTree = "<group>"; };
		174B0A1528A709C300442DD7 /* Endpoints.swift */ = {isa = PBXFileReference; lastKnownFileType = sourcecode.swift; path = Endpoints.swift; sourceTree = "<group>"; };
		174B0A1728A709DD00442DD7 /* Constants.swift */ = {isa = PBXFileReference; lastKnownFileType = sourcecode.swift; path = Constants.swift; sourceTree = "<group>"; };
		174B0A1A28A70E1000442DD7 /* WeatherClient.swift */ = {isa = PBXFileReference; lastKnownFileType = sourcecode.swift; path = WeatherClient.swift; sourceTree = "<group>"; };
		174B0A1D28A7117C00442DD7 /* CurrentWeather.swift */ = {isa = PBXFileReference; lastKnownFileType = sourcecode.swift; path = CurrentWeather.swift; sourceTree = "<group>"; };
		174B0A1F28A717D400442DD7 /* WeatherViewModel.swift */ = {isa = PBXFileReference; lastKnownFileType = sourcecode.swift; path = WeatherViewModel.swift; sourceTree = "<group>"; };
		174B0A2228A7236000442DD7 /* LocationManager.swift */ = {isa = PBXFileReference; lastKnownFileType = sourcecode.swift; path = LocationManager.swift; sourceTree = "<group>"; };
		174B0A2528A90CFE00442DD7 /* MainViewModel.swift */ = {isa = PBXFileReference; lastKnownFileType = sourcecode.swift; path = MainViewModel.swift; sourceTree = "<group>"; };
		174B0A2A28A9289F00442DD7 /* IndividualWeatherView.swift */ = {isa = PBXFileReference; lastKnownFileType = sourcecode.swift; path = IndividualWeatherView.swift; sourceTree = "<group>"; };
		174B0A2D28A9553600442DD7 /* WeatherViewModel_Preview.swift */ = {isa = PBXFileReference; lastKnownFileType = sourcecode.swift; path = WeatherViewModel_Preview.swift; sourceTree = "<group>"; };
		174B0A2F28A956CA00442DD7 /* currentWeather.json */ = {isa = PBXFileReference; fileEncoding = 4; lastKnownFileType = text.json; path = currentWeather.json; sourceTree = "<group>"; };
		174B0A3428A9900700442DD7 /* WeatherCondition.swift */ = {isa = PBXFileReference; lastKnownFileType = sourcecode.swift; path = WeatherCondition.swift; sourceTree = "<group>"; };
/* End PBXFileReference section */

/* Begin PBXFrameworksBuildPhase section */
		174B09DD28A6A1E000442DD7 /* Frameworks */ = {
			isa = PBXFrameworksBuildPhase;
			buildActionMask = 2147483647;
			files = (
			);
			runOnlyForDeploymentPostprocessing = 0;
		};
		174B09F228A6A1E500442DD7 /* Frameworks */ = {
			isa = PBXFrameworksBuildPhase;
			buildActionMask = 2147483647;
			files = (
			);
			runOnlyForDeploymentPostprocessing = 0;
		};
		174B09FC28A6A1E500442DD7 /* Frameworks */ = {
			isa = PBXFrameworksBuildPhase;
			buildActionMask = 2147483647;
			files = (
			);
			runOnlyForDeploymentPostprocessing = 0;
		};
/* End PBXFrameworksBuildPhase section */

/* Begin PBXGroup section */
		174B09D728A6A1E000442DD7 = {
			isa = PBXGroup;
			children = (
				174B09E228A6A1E000442DD7 /* Weather */,
				174B09F828A6A1E500442DD7 /* WeatherTests */,
				174B0A0228A6A1E500442DD7 /* WeatherUITests */,
				174B09E128A6A1E000442DD7 /* Products */,
			);
			sourceTree = "<group>";
		};
		174B09E128A6A1E000442DD7 /* Products */ = {
			isa = PBXGroup;
			children = (
				174B09E028A6A1E000442DD7 /* Weather.app */,
				174B09F528A6A1E500442DD7 /* WeatherTests.xctest */,
				174B09FF28A6A1E500442DD7 /* WeatherUITests.xctest */,
			);
			name = Products;
			sourceTree = "<group>";
		};
		174B09E228A6A1E000442DD7 /* Weather */ = {
			isa = PBXGroup;
			children = (
				174B0A1228A7088B00442DD7 /* Common */,
				174B0A1C28A7117100442DD7 /* Models */,
				174B0A2428A90CEC00442DD7 /* Main */,
				174B0A2728A922C700442DD7 /* IndividualWeather */,
				174B09E328A6A1E000442DD7 /* WeatherApp.swift */,
				174B09E728A6A1E400442DD7 /* Assets.xcassets */,
				174B09E928A6A1E400442DD7 /* Preview Content */,
			);
			path = Weather;
			sourceTree = "<group>";
		};
		174B09E928A6A1E400442DD7 /* Preview Content */ = {
			isa = PBXGroup;
			children = (
				174B0A2F28A956CA00442DD7 /* currentWeather.json */,
				174B0A2C28A9550E00442DD7 /* MockViewModels */,
				174B09EA28A6A1E400442DD7 /* Preview Assets.xcassets */,
			);
			path = "Preview Content";
			sourceTree = "<group>";
		};
		174B09F828A6A1E500442DD7 /* WeatherTests */ = {
			isa = PBXGroup;
			children = (
				174B09F928A6A1E500442DD7 /* WeatherTests.swift */,
			);
			path = WeatherTests;
			sourceTree = "<group>";
		};
		174B0A0228A6A1E500442DD7 /* WeatherUITests */ = {
			isa = PBXGroup;
			children = (
				174B0A0328A6A1E500442DD7 /* WeatherUITests.swift */,
				174B0A0528A6A1E500442DD7 /* WeatherUITestsLaunchTests.swift */,
			);
			path = WeatherUITests;
			sourceTree = "<group>";
		};
		174B0A1228A7088B00442DD7 /* Common */ = {
			isa = PBXGroup;
			children = (
				174B0A2128A7234000442DD7 /* Location */,
				174B0A1428A709BA00442DD7 /* Networking */,
				174B0A1328A7089A00442DD7 /* CoreData */,
				174B0A1728A709DD00442DD7 /* Constants.swift */,
			);
			path = Common;
			sourceTree = "<group>";
		};
		174B0A1328A7089A00442DD7 /* CoreData */ = {
			isa = PBXGroup;
			children = (
				174B09EE28A6A1E400442DD7 /* Weather.xcdatamodeld */,
				174B09EC28A6A1E400442DD7 /* Persistence.swift */,
			);
			path = CoreData;
			sourceTree = "<group>";
		};
		174B0A1428A709BA00442DD7 /* Networking */ = {
			isa = PBXGroup;
			children = (
				174B0A1528A709C300442DD7 /* Endpoints.swift */,
				174B0A1A28A70E1000442DD7 /* WeatherClient.swift */,
			);
			path = Networking;
			sourceTree = "<group>";
		};
		174B0A1C28A7117100442DD7 /* Models */ = {
			isa = PBXGroup;
			children = (
				174B0A1D28A7117C00442DD7 /* CurrentWeather.swift */,
				174B0A3428A9900700442DD7 /* WeatherCondition.swift */,
			);
			path = Models;
			sourceTree = "<group>";
		};
		174B0A2128A7234000442DD7 /* Location */ = {
			isa = PBXGroup;
			children = (
				174B0A2228A7236000442DD7 /* LocationManager.swift */,
			);
			path = Location;
			sourceTree = "<group>";
		};
		174B0A2428A90CEC00442DD7 /* Main */ = {
			isa = PBXGroup;
			children = (
				174B09E528A6A1E000442DD7 /* ContentView.swift */,
				174B0A2528A90CFE00442DD7 /* MainViewModel.swift */,
			);
			path = Main;
			sourceTree = "<group>";
		};
		174B0A2728A922C700442DD7 /* IndividualWeather */ = {
			isa = PBXGroup;
			children = (
				174B0A1F28A717D400442DD7 /* WeatherViewModel.swift */,
				174B0A2A28A9289F00442DD7 /* IndividualWeatherView.swift */,
			);
			path = IndividualWeather;
			sourceTree = "<group>";
		};
		174B0A2C28A9550E00442DD7 /* MockViewModels */ = {
			isa = PBXGroup;
			children = (
				174B0A2D28A9553600442DD7 /* WeatherViewModel_Preview.swift */,
			);
			path = MockViewModels;
			sourceTree = "<group>";
		};
/* End PBXGroup section */

/* Begin PBXNativeTarget section */
		174B09DF28A6A1E000442DD7 /* Weather */ = {
			isa = PBXNativeTarget;
			buildConfigurationList = 174B0A0928A6A1E500442DD7 /* Build configuration list for PBXNativeTarget "Weather" */;
			buildPhases = (
				174B09DC28A6A1E000442DD7 /* Sources */,
				174B09DD28A6A1E000442DD7 /* Frameworks */,
				174B09DE28A6A1E000442DD7 /* Resources */,
			);
			buildRules = (
			);
			dependencies = (
			);
			name = Weather;
			productName = Weather;
			productReference = 174B09E028A6A1E000442DD7 /* Weather.app */;
			productType = "com.apple.product-type.application";
		};
		174B09F428A6A1E500442DD7 /* WeatherTests */ = {
			isa = PBXNativeTarget;
			buildConfigurationList = 174B0A0C28A6A1E500442DD7 /* Build configuration list for PBXNativeTarget "WeatherTests" */;
			buildPhases = (
				174B09F128A6A1E500442DD7 /* Sources */,
				174B09F228A6A1E500442DD7 /* Frameworks */,
				174B09F328A6A1E500442DD7 /* Resources */,
			);
			buildRules = (
			);
			dependencies = (
				174B09F728A6A1E500442DD7 /* PBXTargetDependency */,
			);
			name = WeatherTests;
			productName = WeatherTests;
			productReference = 174B09F528A6A1E500442DD7 /* WeatherTests.xctest */;
			productType = "com.apple.product-type.bundle.unit-test";
		};
		174B09FE28A6A1E500442DD7 /* WeatherUITests */ = {
			isa = PBXNativeTarget;
			buildConfigurationList = 174B0A0F28A6A1E500442DD7 /* Build configuration list for PBXNativeTarget "WeatherUITests" */;
			buildPhases = (
				174B09FB28A6A1E500442DD7 /* Sources */,
				174B09FC28A6A1E500442DD7 /* Frameworks */,
				174B09FD28A6A1E500442DD7 /* Resources */,
			);
			buildRules = (
			);
			dependencies = (
				174B0A0128A6A1E500442DD7 /* PBXTargetDependency */,
			);
			name = WeatherUITests;
			productName = WeatherUITests;
			productReference = 174B09FF28A6A1E500442DD7 /* WeatherUITests.xctest */;
			productType = "com.apple.product-type.bundle.ui-testing";
		};
/* End PBXNativeTarget section */

/* Begin PBXProject section */
		174B09D828A6A1E000442DD7 /* Project object */ = {
			isa = PBXProject;
			attributes = {
				BuildIndependentTargetsInParallel = 1;
				LastSwiftUpdateCheck = 1340;
				LastUpgradeCheck = 1340;
				TargetAttributes = {
					174B09DF28A6A1E000442DD7 = {
						CreatedOnToolsVersion = 13.4.1;
					};
					174B09F428A6A1E500442DD7 = {
						CreatedOnToolsVersion = 13.4.1;
						TestTargetID = 174B09DF28A6A1E000442DD7;
					};
					174B09FE28A6A1E500442DD7 = {
						CreatedOnToolsVersion = 13.4.1;
						TestTargetID = 174B09DF28A6A1E000442DD7;
					};
				};
			};
			buildConfigurationList = 174B09DB28A6A1E000442DD7 /* Build configuration list for PBXProject "Weather" */;
			compatibilityVersion = "Xcode 13.0";
			developmentRegion = en;
			hasScannedForEncodings = 0;
			knownRegions = (
				en,
				Base,
			);
			mainGroup = 174B09D728A6A1E000442DD7;
			productRefGroup = 174B09E128A6A1E000442DD7 /* Products */;
			projectDirPath = "";
			projectRoot = "";
			targets = (
				174B09DF28A6A1E000442DD7 /* Weather */,
				174B09F428A6A1E500442DD7 /* WeatherTests */,
				174B09FE28A6A1E500442DD7 /* WeatherUITests */,
			);
		};
/* End PBXProject section */

/* Begin PBXResourcesBuildPhase section */
		174B09DE28A6A1E000442DD7 /* Resources */ = {
			isa = PBXResourcesBuildPhase;
			buildActionMask = 2147483647;
			files = (
				174B09EB28A6A1E400442DD7 /* Preview Assets.xcassets in Resources */,
				174B09E828A6A1E400442DD7 /* Assets.xcassets in Resources */,
				174B0A3028A956CA00442DD7 /* currentWeather.json in Resources */,
			);
			runOnlyForDeploymentPostprocessing = 0;
		};
		174B09F328A6A1E500442DD7 /* Resources */ = {
			isa = PBXResourcesBuildPhase;
			buildActionMask = 2147483647;
			files = (
			);
			runOnlyForDeploymentPostprocessing = 0;
		};
		174B09FD28A6A1E500442DD7 /* Resources */ = {
			isa = PBXResourcesBuildPhase;
			buildActionMask = 2147483647;
			files = (
			);
			runOnlyForDeploymentPostprocessing = 0;
		};
/* End PBXResourcesBuildPhase section */

/* Begin PBXSourcesBuildPhase section */
		174B09DC28A6A1E000442DD7 /* Sources */ = {
			isa = PBXSourcesBuildPhase;
			buildActionMask = 2147483647;
			files = (
				174B0A2E28A9553600442DD7 /* WeatherViewModel_Preview.swift in Sources */,
				174B09F028A6A1E400442DD7 /* Weather.xcdatamodeld in Sources */,
				174B0A2028A717D400442DD7 /* WeatherViewModel.swift in Sources */,
				174B0A2328A7236000442DD7 /* LocationManager.swift in Sources */,
				174B09ED28A6A1E400442DD7 /* Persistence.swift in Sources */,
				174B0A1E28A7117C00442DD7 /* CurrentWeather.swift in Sources */,
				174B0A3528A9900700442DD7 /* WeatherCondition.swift in Sources */,
				174B0A1B28A70E1000442DD7 /* WeatherClient.swift in Sources */,
				174B09E628A6A1E000442DD7 /* ContentView.swift in Sources */,
				174B09E428A6A1E000442DD7 /* WeatherApp.swift in Sources */,
				174B0A1628A709C300442DD7 /* Endpoints.swift in Sources */,
				174B0A1828A709DD00442DD7 /* Constants.swift in Sources */,
				174B0A2B28A9289F00442DD7 /* IndividualWeatherView.swift in Sources */,
				174B0A2628A90CFE00442DD7 /* MainViewModel.swift in Sources */,
			);
			runOnlyForDeploymentPostprocessing = 0;
		};
		174B09F128A6A1E500442DD7 /* Sources */ = {
			isa = PBXSourcesBuildPhase;
			buildActionMask = 2147483647;
			files = (
				174B09FA28A6A1E500442DD7 /* WeatherTests.swift in Sources */,
			);
			runOnlyForDeploymentPostprocessing = 0;
		};
		174B09FB28A6A1E500442DD7 /* Sources */ = {
			isa = PBXSourcesBuildPhase;
			buildActionMask = 2147483647;
			files = (
				174B0A0428A6A1E500442DD7 /* WeatherUITests.swift in Sources */,
				174B0A0628A6A1E500442DD7 /* WeatherUITestsLaunchTests.swift in Sources */,
			);
			runOnlyForDeploymentPostprocessing = 0;
		};
/* End PBXSourcesBuildPhase section */

/* Begin PBXTargetDependency section */
		174B09F728A6A1E500442DD7 /* PBXTargetDependency */ = {
			isa = PBXTargetDependency;
			target = 174B09DF28A6A1E000442DD7 /* Weather */;
			targetProxy = 174B09F628A6A1E500442DD7 /* PBXContainerItemProxy */;
		};
		174B0A0128A6A1E500442DD7 /* PBXTargetDependency */ = {
			isa = PBXTargetDependency;
			target = 174B09DF28A6A1E000442DD7 /* Weather */;
			targetProxy = 174B0A0028A6A1E500442DD7 /* PBXContainerItemProxy */;
		};
/* End PBXTargetDependency section */

/* Begin XCBuildConfiguration section */
		174B0A0728A6A1E500442DD7 /* Debug */ = {
			isa = XCBuildConfiguration;
			buildSettings = {
				ALWAYS_SEARCH_USER_PATHS = NO;
				CLANG_ANALYZER_NONNULL = YES;
				CLANG_ANALYZER_NUMBER_OBJECT_CONVERSION = YES_AGGRESSIVE;
				CLANG_CXX_LANGUAGE_STANDARD = "gnu++17";
				CLANG_ENABLE_MODULES = YES;
				CLANG_ENABLE_OBJC_ARC = YES;
				CLANG_ENABLE_OBJC_WEAK = YES;
				CLANG_WARN_BLOCK_CAPTURE_AUTORELEASING = YES;
				CLANG_WARN_BOOL_CONVERSION = YES;
				CLANG_WARN_COMMA = YES;
				CLANG_WARN_CONSTANT_CONVERSION = YES;
				CLANG_WARN_DEPRECATED_OBJC_IMPLEMENTATIONS = YES;
				CLANG_WARN_DIRECT_OBJC_ISA_USAGE = YES_ERROR;
				CLANG_WARN_DOCUMENTATION_COMMENTS = YES;
				CLANG_WARN_EMPTY_BODY = YES;
				CLANG_WARN_ENUM_CONVERSION = YES;
				CLANG_WARN_INFINITE_RECURSION = YES;
				CLANG_WARN_INT_CONVERSION = YES;
				CLANG_WARN_NON_LITERAL_NULL_CONVERSION = YES;
				CLANG_WARN_OBJC_IMPLICIT_RETAIN_SELF = YES;
				CLANG_WARN_OBJC_LITERAL_CONVERSION = YES;
				CLANG_WARN_OBJC_ROOT_CLASS = YES_ERROR;
				CLANG_WARN_QUOTED_INCLUDE_IN_FRAMEWORK_HEADER = YES;
				CLANG_WARN_RANGE_LOOP_ANALYSIS = YES;
				CLANG_WARN_STRICT_PROTOTYPES = YES;
				CLANG_WARN_SUSPICIOUS_MOVE = YES;
				CLANG_WARN_UNGUARDED_AVAILABILITY = YES_AGGRESSIVE;
				CLANG_WARN_UNREACHABLE_CODE = YES;
				CLANG_WARN__DUPLICATE_METHOD_MATCH = YES;
				COPY_PHASE_STRIP = NO;
				DEBUG_INFORMATION_FORMAT = dwarf;
				ENABLE_STRICT_OBJC_MSGSEND = YES;
				ENABLE_TESTABILITY = YES;
				GCC_C_LANGUAGE_STANDARD = gnu11;
				GCC_DYNAMIC_NO_PIC = NO;
				GCC_NO_COMMON_BLOCKS = YES;
				GCC_OPTIMIZATION_LEVEL = 0;
				GCC_PREPROCESSOR_DEFINITIONS = (
					"DEBUG=1",
					"$(inherited)",
				);
				GCC_WARN_64_TO_32_BIT_CONVERSION = YES;
				GCC_WARN_ABOUT_RETURN_TYPE = YES_ERROR;
				GCC_WARN_UNDECLARED_SELECTOR = YES;
				GCC_WARN_UNINITIALIZED_AUTOS = YES_AGGRESSIVE;
				GCC_WARN_UNUSED_FUNCTION = YES;
				GCC_WARN_UNUSED_VARIABLE = YES;
				IPHONEOS_DEPLOYMENT_TARGET = 15.5;
				MTL_ENABLE_DEBUG_INFO = INCLUDE_SOURCE;
				MTL_FAST_MATH = YES;
				ONLY_ACTIVE_ARCH = YES;
				SDKROOT = iphoneos;
				SWIFT_ACTIVE_COMPILATION_CONDITIONS = DEBUG;
				SWIFT_OPTIMIZATION_LEVEL = "-Onone";
			};
			name = Debug;
		};
		174B0A0828A6A1E500442DD7 /* Release */ = {
			isa = XCBuildConfiguration;
			buildSettings = {
				ALWAYS_SEARCH_USER_PATHS = NO;
				CLANG_ANALYZER_NONNULL = YES;
				CLANG_ANALYZER_NUMBER_OBJECT_CONVERSION = YES_AGGRESSIVE;
				CLANG_CXX_LANGUAGE_STANDARD = "gnu++17";
				CLANG_ENABLE_MODULES = YES;
				CLANG_ENABLE_OBJC_ARC = YES;
				CLANG_ENABLE_OBJC_WEAK = YES;
				CLANG_WARN_BLOCK_CAPTURE_AUTORELEASING = YES;
				CLANG_WARN_BOOL_CONVERSION = YES;
				CLANG_WARN_COMMA = YES;
				CLANG_WARN_CONSTANT_CONVERSION = YES;
				CLANG_WARN_DEPRECATED_OBJC_IMPLEMENTATIONS = YES;
				CLANG_WARN_DIRECT_OBJC_ISA_USAGE = YES_ERROR;
				CLANG_WARN_DOCUMENTATION_COMMENTS = YES;
				CLANG_WARN_EMPTY_BODY = YES;
				CLANG_WARN_ENUM_CONVERSION = YES;
				CLANG_WARN_INFINITE_RECURSION = YES;
				CLANG_WARN_INT_CONVERSION = YES;
				CLANG_WARN_NON_LITERAL_NULL_CONVERSION = YES;
				CLANG_WARN_OBJC_IMPLICIT_RETAIN_SELF = YES;
				CLANG_WARN_OBJC_LITERAL_CONVERSION = YES;
				CLANG_WARN_OBJC_ROOT_CLASS = YES_ERROR;
				CLANG_WARN_QUOTED_INCLUDE_IN_FRAMEWORK_HEADER = YES;
				CLANG_WARN_RANGE_LOOP_ANALYSIS = YES;
				CLANG_WARN_STRICT_PROTOTYPES = YES;
				CLANG_WARN_SUSPICIOUS_MOVE = YES;
				CLANG_WARN_UNGUARDED_AVAILABILITY = YES_AGGRESSIVE;
				CLANG_WARN_UNREACHABLE_CODE = YES;
				CLANG_WARN__DUPLICATE_METHOD_MATCH = YES;
				COPY_PHASE_STRIP = NO;
				DEBUG_INFORMATION_FORMAT = "dwarf-with-dsym";
				ENABLE_NS_ASSERTIONS = NO;
				ENABLE_STRICT_OBJC_MSGSEND = YES;
				GCC_C_LANGUAGE_STANDARD = gnu11;
				GCC_NO_COMMON_BLOCKS = YES;
				GCC_WARN_64_TO_32_BIT_CONVERSION = YES;
				GCC_WARN_ABOUT_RETURN_TYPE = YES_ERROR;
				GCC_WARN_UNDECLARED_SELECTOR = YES;
				GCC_WARN_UNINITIALIZED_AUTOS = YES_AGGRESSIVE;
				GCC_WARN_UNUSED_FUNCTION = YES;
				GCC_WARN_UNUSED_VARIABLE = YES;
				IPHONEOS_DEPLOYMENT_TARGET = 15.5;
				MTL_ENABLE_DEBUG_INFO = NO;
				MTL_FAST_MATH = YES;
				SDKROOT = iphoneos;
				SWIFT_COMPILATION_MODE = wholemodule;
				SWIFT_OPTIMIZATION_LEVEL = "-O";
				VALIDATE_PRODUCT = YES;
			};
			name = Release;
		};
		174B0A0A28A6A1E500442DD7 /* Debug */ = {
			isa = XCBuildConfiguration;
			buildSettings = {
				ASSETCATALOG_COMPILER_APPICON_NAME = AppIcon;
				ASSETCATALOG_COMPILER_GLOBAL_ACCENT_COLOR_NAME = AccentColor;
				CODE_SIGN_STYLE = Automatic;
				CURRENT_PROJECT_VERSION = 1;
				DEVELOPMENT_ASSET_PATHS = "\"Weather/Preview Content\"";
				ENABLE_PREVIEWS = YES;
				GENERATE_INFOPLIST_FILE = YES;
				INFOPLIST_KEY_NSLocationAlwaysAndWhenInUseUsageDescription = "Your location is required in order to provide optimal weather forecasts";
				INFOPLIST_KEY_NSLocationWhenInUseUsageDescription = "Your location is required in order to provide optimal weather forecasts";
				INFOPLIST_KEY_UIApplicationSceneManifest_Generation = YES;
				INFOPLIST_KEY_UIApplicationSupportsIndirectInputEvents = YES;
				INFOPLIST_KEY_UILaunchScreen_Generation = YES;
				INFOPLIST_KEY_UISupportedInterfaceOrientations_iPad = "UIInterfaceOrientationPortrait UIInterfaceOrientationPortraitUpsideDown UIInterfaceOrientationLandscapeLeft UIInterfaceOrientationLandscapeRight";
				INFOPLIST_KEY_UISupportedInterfaceOrientations_iPhone = "UIInterfaceOrientationPortrait UIInterfaceOrientationLandscapeLeft UIInterfaceOrientationLandscapeRight";
				LD_RUNPATH_SEARCH_PATHS = (
					"$(inherited)",
					"@executable_path/Frameworks",
				);
				MARKETING_VERSION = 1.0;
				PRODUCT_BUNDLE_IDENTIFIER = co.za.dvt.Weather;
				PRODUCT_NAME = "$(TARGET_NAME)";
				SWIFT_EMIT_LOC_STRINGS = YES;
				SWIFT_VERSION = 5.0;
				TARGETED_DEVICE_FAMILY = "1,2";
			};
			name = Debug;
		};
		174B0A0B28A6A1E500442DD7 /* Release */ = {
			isa = XCBuildConfiguration;
			buildSettings = {
				ASSETCATALOG_COMPILER_APPICON_NAME = AppIcon;
				ASSETCATALOG_COMPILER_GLOBAL_ACCENT_COLOR_NAME = AccentColor;
				CODE_SIGN_STYLE = Automatic;
				CURRENT_PROJECT_VERSION = 1;
				DEVELOPMENT_ASSET_PATHS = "\"Weather/Preview Content\"";
				ENABLE_PREVIEWS = YES;
				GENERATE_INFOPLIST_FILE = YES;
				INFOPLIST_KEY_NSLocationAlwaysAndWhenInUseUsageDescription = "Your location is required in order to provide optimal weather forecasts";
				INFOPLIST_KEY_NSLocationWhenInUseUsageDescription = "Your location is required in order to provide optimal weather forecasts";
				INFOPLIST_KEY_UIApplicationSceneManifest_Generation = YES;
				INFOPLIST_KEY_UIApplicationSupportsIndirectInputEvents = YES;
				INFOPLIST_KEY_UILaunchScreen_Generation = YES;
				INFOPLIST_KEY_UISupportedInterfaceOrientations_iPad = "UIInterfaceOrientationPortrait UIInterfaceOrientationPortraitUpsideDown UIInterfaceOrientationLandscapeLeft UIInterfaceOrientationLandscapeRight";
				INFOPLIST_KEY_UISupportedInterfaceOrientations_iPhone = "UIInterfaceOrientationPortrait UIInterfaceOrientationLandscapeLeft UIInterfaceOrientationLandscapeRight";
				LD_RUNPATH_SEARCH_PATHS = (
					"$(inherited)",
					"@executable_path/Frameworks",
				);
				MARKETING_VERSION = 1.0;
				PRODUCT_BUNDLE_IDENTIFIER = co.za.dvt.Weather;
				PRODUCT_NAME = "$(TARGET_NAME)";
				SWIFT_EMIT_LOC_STRINGS = YES;
				SWIFT_VERSION = 5.0;
				TARGETED_DEVICE_FAMILY = "1,2";
			};
			name = Release;
		};
		174B0A0D28A6A1E500442DD7 /* Debug */ = {
			isa = XCBuildConfiguration;
			buildSettings = {
				ALWAYS_EMBED_SWIFT_STANDARD_LIBRARIES = YES;
				BUNDLE_LOADER = "$(TEST_HOST)";
				CODE_SIGN_STYLE = Automatic;
				CURRENT_PROJECT_VERSION = 1;
				GENERATE_INFOPLIST_FILE = YES;
				IPHONEOS_DEPLOYMENT_TARGET = 15.5;
				MARKETING_VERSION = 1.0;
				PRODUCT_BUNDLE_IDENTIFIER = co.za.dvt.WeatherTests;
				PRODUCT_NAME = "$(TARGET_NAME)";
				SWIFT_EMIT_LOC_STRINGS = NO;
				SWIFT_VERSION = 5.0;
				TARGETED_DEVICE_FAMILY = "1,2";
				TEST_HOST = "$(BUILT_PRODUCTS_DIR)/Weather.app/Weather";
			};
			name = Debug;
		};
		174B0A0E28A6A1E500442DD7 /* Release */ = {
			isa = XCBuildConfiguration;
			buildSettings = {
				ALWAYS_EMBED_SWIFT_STANDARD_LIBRARIES = YES;
				BUNDLE_LOADER = "$(TEST_HOST)";
				CODE_SIGN_STYLE = Automatic;
				CURRENT_PROJECT_VERSION = 1;
				GENERATE_INFOPLIST_FILE = YES;
				IPHONEOS_DEPLOYMENT_TARGET = 15.5;
				MARKETING_VERSION = 1.0;
				PRODUCT_BUNDLE_IDENTIFIER = co.za.dvt.WeatherTests;
				PRODUCT_NAME = "$(TARGET_NAME)";
				SWIFT_EMIT_LOC_STRINGS = NO;
				SWIFT_VERSION = 5.0;
				TARGETED_DEVICE_FAMILY = "1,2";
				TEST_HOST = "$(BUILT_PRODUCTS_DIR)/Weather.app/Weather";
			};
			name = Release;
		};
		174B0A1028A6A1E500442DD7 /* Debug */ = {
			isa = XCBuildConfiguration;
			buildSettings = {
				ALWAYS_EMBED_SWIFT_STANDARD_LIBRARIES = YES;
				CODE_SIGN_STYLE = Automatic;
				CURRENT_PROJECT_VERSION = 1;
				GENERATE_INFOPLIST_FILE = YES;
				MARKETING_VERSION = 1.0;
				PRODUCT_BUNDLE_IDENTIFIER = co.za.dvt.WeatherUITests;
				PRODUCT_NAME = "$(TARGET_NAME)";
				SWIFT_EMIT_LOC_STRINGS = NO;
				SWIFT_VERSION = 5.0;
				TARGETED_DEVICE_FAMILY = "1,2";
				TEST_TARGET_NAME = Weather;
			};
			name = Debug;
		};
		174B0A1128A6A1E500442DD7 /* Release */ = {
			isa = XCBuildConfiguration;
			buildSettings = {
				ALWAYS_EMBED_SWIFT_STANDARD_LIBRARIES = YES;
				CODE_SIGN_STYLE = Automatic;
				CURRENT_PROJECT_VERSION = 1;
				GENERATE_INFOPLIST_FILE = YES;
				MARKETING_VERSION = 1.0;
				PRODUCT_BUNDLE_IDENTIFIER = co.za.dvt.WeatherUITests;
				PRODUCT_NAME = "$(TARGET_NAME)";
				SWIFT_EMIT_LOC_STRINGS = NO;
				SWIFT_VERSION = 5.0;
				TARGETED_DEVICE_FAMILY = "1,2";
				TEST_TARGET_NAME = Weather;
			};
			name = Release;
		};
/* End XCBuildConfiguration section */

/* Begin XCConfigurationList section */
		174B09DB28A6A1E000442DD7 /* Build configuration list for PBXProject "Weather" */ = {
			isa = XCConfigurationList;
			buildConfigurations = (
				174B0A0728A6A1E500442DD7 /* Debug */,
				174B0A0828A6A1E500442DD7 /* Release */,
			);
			defaultConfigurationIsVisible = 0;
			defaultConfigurationName = Release;
		};
		174B0A0928A6A1E500442DD7 /* Build configuration list for PBXNativeTarget "Weather" */ = {
			isa = XCConfigurationList;
			buildConfigurations = (
				174B0A0A28A6A1E500442DD7 /* Debug */,
				174B0A0B28A6A1E500442DD7 /* Release */,
			);
			defaultConfigurationIsVisible = 0;
			defaultConfigurationName = Release;
		};
		174B0A0C28A6A1E500442DD7 /* Build configuration list for PBXNativeTarget "WeatherTests" */ = {
			isa = XCConfigurationList;
			buildConfigurations = (
				174B0A0D28A6A1E500442DD7 /* Debug */,
				174B0A0E28A6A1E500442DD7 /* Release */,
			);
			defaultConfigurationIsVisible = 0;
			defaultConfigurationName = Release;
		};
		174B0A0F28A6A1E500442DD7 /* Build configuration list for PBXNativeTarget "WeatherUITests" */ = {
			isa = XCConfigurationList;
			buildConfigurations = (
				174B0A1028A6A1E500442DD7 /* Debug */,
				174B0A1128A6A1E500442DD7 /* Release */,
			);
			defaultConfigurationIsVisible = 0;
			defaultConfigurationName = Release;
		};
/* End XCConfigurationList section */

/* Begin XCVersionGroup section */
		174B09EE28A6A1E400442DD7 /* Weather.xcdatamodeld */ = {
			isa = XCVersionGroup;
			children = (
				174B09EF28A6A1E400442DD7 /* Weather.xcdatamodel */,
			);
			currentVersion = 174B09EF28A6A1E400442DD7 /* Weather.xcdatamodel */;
			path = Weather.xcdatamodeld;
			sourceTree = "<group>";
			versionGroupType = wrapper.xcdatamodel;
		};
/* End XCVersionGroup section */
	};
	rootObject = 174B09D828A6A1E000442DD7 /* Project object */;
}
